
Microsoft Visual Studio Solution File, Format Version 12.00
# Visual Studio Version 16
VisualStudioVersion = 16.0.31129.286
MinimumVisualStudioVersion = 10.0.40219.1
Project("{FAE04EC0-301F-11D3-BF4B-00C04F79EFBC}") = "CookieAuthentication", "CookieAuthentication\CookieAuthentication.csproj", "{3BDBE91B-FF47-4569-BB82-13C28F0CFD53}"
EndProject
Global
	GlobalSection(SolutionConfigurationPlatforms) = preSolution
		Debug|Any CPU = Debug|Any CPU
		Release|Any CPU = Release|Any CPU
	EndGlobalSection
	GlobalSection(ProjectConfigurationPlatforms) = postSolution
		{3BDBE91B-FF47-4569-BB82-13C28F0CFD53}.Debug|Any CPU.ActiveCfg = Debug|Any CPU
		{3BDBE91B-FF47-4569-BB82-13C28F0CFD53}.Debug|Any CPU.Build.0 = Debug|Any CPU
		{3BDBE91B-FF47-4569-BB82-13C28F0CFD53}.Release|Any CPU.ActiveCfg = Release|Any CPU
		{3BDBE91B-FF47-4569-BB82-13C28F0CFD53}.Release|Any CPU.Build.0 = Release|Any CPU
	EndGlobalSection
	GlobalSection(SolutionProperties) = preSolution
		HideSolutionNode = FALSE
	EndGlobalSection
	GlobalSection(ExtensibilityGlobals) = postSolution
		SolutionGuid = {EDF3D6A7-958E-466D-838D-7FC412945D51}
	EndGlobalSection
EndGlobal
